
Microsoft Visual Studio Solution File, Format Version 12.00
# Visual Studio Version 17
VisualStudioVersion = 17.9.34607.119
MinimumVisualStudioVersion = 10.0.40219.1
Project("{8BC9CEB8-8B4A-11D0-8D11-00A0C91BC942}") = "ALG_I_CV4", "ALG_I_CV4\ALG_I_CV4.vcxproj", "{625258F7-CCB1-4BC7-A67A-F603B104ECAF}"
EndProject
Global
	GlobalSection(SolutionConfigurationPlatforms) = preSolution
		Debug|x64 = Debug|x64
		Debug|x86 = Debug|x86
		Release|x64 = Release|x64
		Release|x86 = Release|x86
	EndGlobalSection
	GlobalSection(ProjectConfigurationPlatforms) = postSolution
		{625258F7-CCB1-4BC7-A67A-F603B104ECAF}.Debug|x64.ActiveCfg = Debug|x64
		{625258F7-CCB1-4BC7-A67A-F603B104ECAF}.Debug|x64.Build.0 = Debug|x64
		{625258F7-CCB1-4BC7-A67A-F603B104ECAF}.Debug|x86.ActiveCfg = Debug|Win32
		{625258F7-CCB1-4BC7-A67A-F603B104ECAF}.Debug|x86.Build.0 = Debug|Win32
		{625258F7-CCB1-4BC7-A67A-F603B104ECAF}.Release|x64.ActiveCfg = Release|x64
		{625258F7-CCB1-4BC7-A67A-F603B104ECAF}.Release|x64.Build.0 = Release|x64
		{625258F7-CCB1-4BC7-A67A-F603B104ECAF}.Release|x86.ActiveCfg = Release|Win32
		{625258F7-CCB1-4BC7-A67A-F603B104ECAF}.Release|x86.Build.0 = Release|Win32
	EndGlobalSection
	GlobalSection(SolutionProperties) = preSolution
		HideSolutionNode = FALSE
	EndGlobalSection
	GlobalSection(ExtensibilityGlobals) = postSolution
		SolutionGuid = {E1BC56D0-7AE5-4340-8D58-D84EDF014EBE}
	EndGlobalSection
EndGlobal
